// !$*UTF8*$!
{
	archiveVersion = 1;
	classes = {
	};
	objectVersion = 77;
	objects = {

/* Begin PBXBuildFile section */
		F478902C208685462EC80205 /* Pods_WordMaster.framework in Frameworks */ = {isa = PBXBuildFile; fileRef = 30C2D411A10ED8C573521AB7 /* Pods_WordMaster.framework */; };
/* End PBXBuildFile section */

/* Begin PBXContainerItemProxy section */
		7F6A369E2DBE3CD400FEC461 /* PBXContainerItemProxy */ = {
			isa = PBXContainerItemProxy;
			containerPortal = 7F6A367A2DBE3CD300FEC461 /* Project object */;
			proxyType = 1;
			remoteGlobalIDString = 7F6A36812DBE3CD300FEC461;
			remoteInfo = WordMaster;
		};
		7F6A36A82DBE3CD400FEC461 /* PBXContainerItemProxy */ = {
			isa = PBXContainerItemProxy;
			containerPortal = 7F6A367A2DBE3CD300FEC461 /* Project object */;
			proxyType = 1;
			remoteGlobalIDString = 7F6A36812DBE3CD300FEC461;
			remoteInfo = WordMaster;
		};
/* End PBXContainerItemProxy section */

/* Begin PBXFileReference section */
		30C2D411A10ED8C573521AB7 /* Pods_WordMaster.framework */ = {isa = PBXFileReference; explicitFileType = wrapper.framework; includeInIndex = 0; path = Pods_WordMaster.framework; sourceTree = BUILT_PRODUCTS_DIR; };
		3B0DCD1DE35E7260453DE283 /* Pods-WordMaster.release.xcconfig */ = {isa = PBXFileReference; includeInIndex = 1; lastKnownFileType = text.xcconfig; name = "Pods-WordMaster.release.xcconfig"; path = "Target Support Files/Pods-WordMaster/Pods-WordMaster.release.xcconfig"; sourceTree = "<group>"; };
		57A30B73AFBE7BDE4923E2FB /* Pods-WordMaster.debug.xcconfig */ = {isa = PBXFileReference; includeInIndex = 1; lastKnownFileType = text.xcconfig; name = "Pods-WordMaster.debug.xcconfig"; path = "Target Support Files/Pods-WordMaster/Pods-WordMaster.debug.xcconfig"; sourceTree = "<group>"; };
		7F6A36822DBE3CD300FEC461 /* WordMaster.app */ = {isa = PBXFileReference; explicitFileType = wrapper.application; includeInIndex = 0; path = WordMaster.app; sourceTree = BUILT_PRODUCTS_DIR; };
		7F6A369D2DBE3CD400FEC461 /* WordMasterTests.xctest */ = {isa = PBXFileReference; explicitFileType = wrapper.cfbundle; includeInIndex = 0; path = WordMasterTests.xctest; sourceTree = BUILT_PRODUCTS_DIR; };
		7F6A36A72DBE3CD400FEC461 /* WordMasterUITests.xctest */ = {isa = PBXFileReference; explicitFileType = wrapper.cfbundle; includeInIndex = 0; path = WordMasterUITests.xctest; sourceTree = BUILT_PRODUCTS_DIR; };
/* End PBXFileReference section */

/* Begin PBXFileSystemSynchronizedBuildFileExceptionSet section */
		7F6A36AF2DBE3CD400FEC461 /* Exceptions for "WordMaster" folder in "WordMaster" target */ = {
			isa = PBXFileSystemSynchronizedBuildFileExceptionSet;
			membershipExceptions = (
				Info.plist,
			);
			target = 7F6A36812DBE3CD300FEC461 /* WordMaster */;
		};
/* End PBXFileSystemSynchronizedBuildFileExceptionSet section */

/* Begin PBXFileSystemSynchronizedRootGroup section */
		7F6A36842DBE3CD300FEC461 /* WordMaster */ = {
			isa = PBXFileSystemSynchronizedRootGroup;
			exceptions = (
				7F6A36AF2DBE3CD400FEC461 /* Exceptions for "WordMaster" folder in "WordMaster" target */,
			);
			path = WordMaster;
			sourceTree = "<group>";
		};
		7F6A36A02DBE3CD400FEC461 /* WordMasterTests */ = {
			isa = PBXFileSystemSynchronizedRootGroup;
			path = WordMasterTests;
			sourceTree = "<group>";
		};
		7F6A36AA2DBE3CD400FEC461 /* WordMasterUITests */ = {
			isa = PBXFileSystemSynchronizedRootGroup;
			path = WordMasterUITests;
			sourceTree = "<group>";
		};
/* End PBXFileSystemSynchronizedRootGroup section */

/* Begin PBXFrameworksBuildPhase section */
		7F6A367F2DBE3CD300FEC461 /* Frameworks */ = {
			isa = PBXFrameworksBuildPhase;
			buildActionMask = 2147483647;
			files = (
				F478902C208685462EC80205 /* Pods_WordMaster.framework in Frameworks */,
			);
			runOnlyForDeploymentPostprocessing = 0;
		};
		7F6A369A2DBE3CD400FEC461 /* Frameworks */ = {
			isa = PBXFrameworksBuildPhase;
			buildActionMask = 2147483647;
			files = (
			);
			runOnlyForDeploymentPostprocessing = 0;
		};
		7F6A36A42DBE3CD400FEC461 /* Frameworks */ = {
			isa = PBXFrameworksBuildPhase;
			buildActionMask = 2147483647;
			files = (
			);
			runOnlyForDeploymentPostprocessing = 0;
		};
/* End PBXFrameworksBuildPhase section */

/* Begin PBXGroup section */
		23BD4A671503B8C278385748 /* Pods */ = {
			isa = PBXGroup;
			children = (
				57A30B73AFBE7BDE4923E2FB /* Pods-WordMaster.debug.xcconfig */,
				3B0DCD1DE35E7260453DE283 /* Pods-WordMaster.release.xcconfig */,
			);
			path = Pods;
			sourceTree = "<group>";
		};
		717637B72C60E27B813E9823 /* Frameworks */ = {
			isa = PBXGroup;
			children = (
				30C2D411A10ED8C573521AB7 /* Pods_WordMaster.framework */,
			);
			name = Frameworks;
			sourceTree = "<group>";
		};
		7F6A36792DBE3CD300FEC461 = {
			isa = PBXGroup;
			children = (
				7F6A36842DBE3CD300FEC461 /* WordMaster */,
				7F6A36A02DBE3CD400FEC461 /* WordMasterTests */,
				7F6A36AA2DBE3CD400FEC461 /* WordMasterUITests */,
				7F6A36832DBE3CD300FEC461 /* Products */,
				23BD4A671503B8C278385748 /* Pods */,
				717637B72C60E27B813E9823 /* Frameworks */,
			);
			sourceTree = "<group>";
		};
		7F6A36832DBE3CD300FEC461 /* Products */ = {
			isa = PBXGroup;
			children = (
				7F6A36822DBE3CD300FEC461 /* WordMaster.app */,
				7F6A369D2DBE3CD400FEC461 /* WordMasterTests.xctest */,
				7F6A36A72DBE3CD400FEC461 /* WordMasterUITests.xctest */,
			);
			name = Products;
			sourceTree = "<group>";
		};
/* End PBXGroup section */

/* Begin PBXNativeTarget section */
		7F6A36812DBE3CD300FEC461 /* WordMaster */ = {
			isa = PBXNativeTarget;
			buildConfigurationList = 7F6A36B02DBE3CD400FEC461 /* Build configuration list for PBXNativeTarget "WordMaster" */;
			buildPhases = (
				C0CF8C445F04CB51E11836CB /* [CP] Check Pods Manifest.lock */,
				7F6A367E2DBE3CD300FEC461 /* Sources */,
				7F6A367F2DBE3CD300FEC461 /* Frameworks */,
				7F6A36802DBE3CD300FEC461 /* Resources */,
			);
			buildRules = (
			);
			dependencies = (
			);
			fileSystemSynchronizedGroups = (
				7F6A36842DBE3CD300FEC461 /* WordMaster */,
			);
			name = WordMaster;
			productName = WordMaster;
			productReference = 7F6A36822DBE3CD300FEC461 /* WordMaster.app */;
			productType = "com.apple.product-type.application";
		};
		7F6A369C2DBE3CD400FEC461 /* WordMasterTests */ = {
			isa = PBXNativeTarget;
			buildConfigurationList = 7F6A36B52DBE3CD400FEC461 /* Build configuration list for PBXNativeTarget "WordMasterTests" */;
			buildPhases = (
				7F6A36992DBE3CD400FEC461 /* Sources */,
				7F6A369A2DBE3CD400FEC461 /* Frameworks */,
				7F6A369B2DBE3CD400FEC461 /* Resources */,
			);
			buildRules = (
			);
			dependencies = (
				7F6A369F2DBE3CD400FEC461 /* PBXTargetDependency */,
			);
			fileSystemSynchronizedGroups = (
				7F6A36A02DBE3CD400FEC461 /* WordMasterTests */,
			);
			name = WordMasterTests;
			productName = WordMasterTests;
			productReference = 7F6A369D2DBE3CD400FEC461 /* WordMasterTests.xctest */;
			productType = "com.apple.product-type.bundle.unit-test";
		};
		7F6A36A62DBE3CD400FEC461 /* WordMasterUITests */ = {
			isa = PBXNativeTarget;
			buildConfigurationList = 7F6A36B82DBE3CD400FEC461 /* Build configuration list for PBXNativeTarget "WordMasterUITests" */;
			buildPhases = (
				7F6A36A32DBE3CD400FEC461 /* Sources */,
				7F6A36A42DBE3CD400FEC461 /* Frameworks */,
				7F6A36A52DBE3CD400FEC461 /* Resources */,
			);
			buildRules = (
			);
			dependencies = (
				7F6A36A92DBE3CD400FEC461 /* PBXTargetDependency */,
			);
			fileSystemSynchronizedGroups = (
				7F6A36AA2DBE3CD400FEC461 /* WordMasterUITests */,
			);
			name = WordMasterUITests;
			productName = WordMasterUITests;
			productReference = 7F6A36A72DBE3CD400FEC461 /* WordMasterUITests.xctest */;
			productType = "com.apple.product-type.bundle.ui-testing";
		};
/* End PBXNativeTarget section */

/* Begin PBXProject section */
		7F6A367A2DBE3CD300FEC461 /* Project object */ = {
			isa = PBXProject;
			attributes = {
				BuildIndependentTargetsInParallel = 1;
				LastUpgradeCheck = 1620;
				TargetAttributes = {
					7F6A36812DBE3CD300FEC461 = {
						CreatedOnToolsVersion = 16.2;
						LastSwiftMigration = 1620;
					};
					7F6A369C2DBE3CD400FEC461 = {
						CreatedOnToolsVersion = 16.2;
						TestTargetID = 7F6A36812DBE3CD300FEC461;
					};
					7F6A36A62DBE3CD400FEC461 = {
						CreatedOnToolsVersion = 16.2;
						TestTargetID = 7F6A36812DBE3CD300FEC461;
					};
				};
			};
			buildConfigurationList = 7F6A367D2DBE3CD300FEC461 /* Build configuration list for PBXProject "WordMaster" */;
			developmentRegion = en;
			hasScannedForEncodings = 0;
			knownRegions = (
				en,
				Base,
			);
			mainGroup = 7F6A36792DBE3CD300FEC461;
			minimizedProjectReferenceProxies = 1;
			preferredProjectObjectVersion = 77;
			productRefGroup = 7F6A36832DBE3CD300FEC461 /* Products */;
			projectDirPath = "";
			projectRoot = "";
			targets = (
				7F6A36812DBE3CD300FEC461 /* WordMaster */,
				7F6A369C2DBE3CD400FEC461 /* WordMasterTests */,
				7F6A36A62DBE3CD400FEC461 /* WordMasterUITests */,
			);
		};
/* End PBXProject section */

/* Begin PBXResourcesBuildPhase section */
		7F6A36802DBE3CD300FEC461 /* Resources */ = {
			isa = PBXResourcesBuildPhase;
			buildActionMask = 2147483647;
			files = (
			);
			runOnlyForDeploymentPostprocessing = 0;
		};
		7F6A369B2DBE3CD400FEC461 /* Resources */ = {
			isa = PBXResourcesBuildPhase;
			buildActionMask = 2147483647;
			files = (
			);
			runOnlyForDeploymentPostprocessing = 0;
		};
		7F6A36A52DBE3CD400FEC461 /* Resources */ = {
			isa = PBXResourcesBuildPhase;
			buildActionMask = 2147483647;
			files = (
			);
			runOnlyForDeploymentPostprocessing = 0;
		};
/* End PBXResourcesBuildPhase section */

/* Begin PBXShellScriptBuildPhase section */
		C0CF8C445F04CB51E11836CB /* [CP] Check Pods Manifest.lock */ = {
			isa = PBXShellScriptBuildPhase;
			buildActionMask = 2147483647;
			files = (
			);
			inputFileListPaths = (
			);
			inputPaths = (
				"${PODS_PODFILE_DIR_PATH}/Podfile.lock",
				"${PODS_ROOT}/Manifest.lock",
			);
			name = "[CP] Check Pods Manifest.lock";
			outputFileListPaths = (
			);
			outputPaths = (
				"$(DERIVED_FILE_DIR)/Pods-WordMaster-checkManifestLockResult.txt",
			);
			runOnlyForDeploymentPostprocessing = 0;
			shellPath = /bin/sh;
			shellScript = "diff \"${PODS_PODFILE_DIR_PATH}/Podfile.lock\" \"${PODS_ROOT}/Manifest.lock\" > /dev/null\nif [ $? != 0 ] ; then\n    # print error to STDERR\n    echo \"error: The sandbox is not in sync with the Podfile.lock. Run 'pod install' or update your CocoaPods installation.\" >&2\n    exit 1\nfi\n# This output is used by Xcode 'outputs' to avoid re-running this script phase.\necho \"SUCCESS\" > \"${SCRIPT_OUTPUT_FILE_0}\"\n";
			showEnvVarsInLog = 0;
		};
/* End PBXShellScriptBuildPhase section */

/* Begin PBXSourcesBuildPhase section */
		7F6A367E2DBE3CD300FEC461 /* Sources */ = {
			isa = PBXSourcesBuildPhase;
			buildActionMask = 2147483647;
			files = (
			);
			runOnlyForDeploymentPostprocessing = 0;
		};
		7F6A36992DBE3CD400FEC461 /* Sources */ = {
			isa = PBXSourcesBuildPhase;
			buildActionMask = 2147483647;
			files = (
			);
			runOnlyForDeploymentPostprocessing = 0;
		};
		7F6A36A32DBE3CD400FEC461 /* Sources */ = {
			isa = PBXSourcesBuildPhase;
			buildActionMask = 2147483647;
			files = (
			);
			runOnlyForDeploymentPostprocessing = 0;
		};
/* End PBXSourcesBuildPhase section */

/* Begin PBXTargetDependency section */
		7F6A369F2DBE3CD400FEC461 /* PBXTargetDependency */ = {
			isa = PBXTargetDependency;
			target = 7F6A36812DBE3CD300FEC461 /* WordMaster */;
			targetProxy = 7F6A369E2DBE3CD400FEC461 /* PBXContainerItemProxy */;
		};
		7F6A36A92DBE3CD400FEC461 /* PBXTargetDependency */ = {
			isa = PBXTargetDependency;
			target = 7F6A36812DBE3CD300FEC461 /* WordMaster */;
			targetProxy = 7F6A36A82DBE3CD400FEC461 /* PBXContainerItemProxy */;
		};
/* End PBXTargetDependency section */

/* Begin XCBuildConfiguration section */
		7F6A36B12DBE3CD400FEC461 /* Debug */ = {
			isa = XCBuildConfiguration;
			baseConfigurationReference = 57A30B73AFBE7BDE4923E2FB /* Pods-WordMaster.debug.xcconfig */;
			buildSettings = {
				ASSETCATALOG_COMPILER_APPICON_NAME = AppIcon;
				ASSETCATALOG_COMPILER_GLOBAL_ACCENT_COLOR_NAME = AccentColor;
				CLANG_ENABLE_MODULES = YES;
				CODE_SIGN_STYLE = Automatic;
				CURRENT_PROJECT_VERSION = 1;
				DEVELOPMENT_TEAM = V77C88NLRU;
				GENERATE_INFOPLIST_FILE = YES;
				INFOPLIST_FILE = WordMaster/Info.plist;
				INFOPLIST_KEY_UIApplicationSupportsIndirectInputEvents = YES;
				INFOPLIST_KEY_UILaunchStoryboardName = LaunchScreen;
				INFOPLIST_KEY_UIMainStoryboardFile = Main;
				INFOPLIST_KEY_UISupportedInterfaceOrientations_iPad = "UIInterfaceOrientationPortrait UIInterfaceOrientationPortraitUpsideDown UIInterfaceOrientationLandscapeLeft UIInterfaceOrientationLandscapeRight";
				INFOPLIST_KEY_UISupportedInterfaceOrientations_iPhone = "UIInterfaceOrientationPortrait UIInterfaceOrientationLandscapeLeft UIInterfaceOrientationLandscapeRight";
				LD_RUNPATH_SEARCH_PATHS = (
					"$(inherited)",
					"@executable_path/Frameworks",
				);
				MARKETING_VERSION = 1.0;
				PRODUCT_BUNDLE_IDENTIFIER = aaa.WordMaster;
				PRODUCT_NAME = "$(TARGET_NAME)";
				SWIFT_EMIT_LOC_STRINGS = YES;
				SWIFT_OPTIMIZATION_LEVEL = "-Onone";
				SWIFT_VERSION = 6.0;
				TARGETED_DEVICE_FAMILY = "1,2";
			};
			name = Debug;
		};
		7F6A36B22DBE3CD400FEC461 /* Release */ = {
			isa = XCBuildConfiguration;
			baseConfigurationReference = 3B0DCD1DE35E7260453DE283 /* Pods-WordMaster.release.xcconfig */;
			buildSettings = {
				ASSETCATALOG_COMPILER_APPICON_NAME = AppIcon;
				ASSETCATALOG_COMPILER_GLOBAL_ACCENT_COLOR_NAME = AccentColor;
				CLANG_ENABLE_MODULES = YES;
				CODE_SIGN_STYLE = Automatic;
				CURRENT_PROJECT_VERSION = 1;
				DEVELOPMENT_TEAM = V77C88NLRU;
				GENERATE_INFOPLIST_FILE = YES;
				INFOPLIST_FILE = WordMaster/Info.plist;
				INFOPLIST_KEY_UIApplicationSupportsIndirectInputEvents = YES;
				INFOPLIST_KEY_UILaunchStoryboardName = LaunchScreen;
				INFOPLIST_KEY_UIMainStoryboardFile = Main;
				INFOPLIST_KEY_UISupportedInterfaceOrientations_iPad = "UIInterfaceOrientationPortrait UIInterfaceOrientationPortraitUpsideDown UIInterfaceOrientationLandscapeLeft UIInterfaceOrientationLandscapeRight";
				INFOPLIST_KEY_UISupportedInterfaceOrientations_iPhone = "UIInterfaceOrientationPortrait UIInterfaceOrientationLandscapeLeft UIInterfaceOrientationLandscapeRight";
				LD_RUNPATH_SEARCH_PATHS = (
					"$(inherited)",
					"@executable_path/Frameworks",
				);
				MARKETING_VERSION = 1.0;
				PRODUCT_BUNDLE_IDENTIFIER = aaa.WordMaster;
				PRODUCT_NAME = "$(TARGET_NAME)";
				SWIFT_EMIT_LOC_STRINGS = YES;
				SWIFT_VERSION = 6.0;
				TARGETED_DEVICE_FAMILY = "1,2";
			};
			name = Release;
		};
		7F6A36B32DBE3CD400FEC461 /* Debug */ = {
			isa = XCBuildConfiguration;
			buildSettings = {
				ALWAYS_SEARCH_USER_PATHS = NO;
				ASSETCATALOG_COMPILER_GENERATE_SWIFT_ASSET_SYMBOL_EXTENSIONS = YES;
				CLANG_ANALYZER_NONNULL = YES;
				CLANG_ANALYZER_NUMBER_OBJECT_CONVERSION = YES_AGGRESSIVE;
				CLANG_CXX_LANGUAGE_STANDARD = "gnu++20";
				CLANG_ENABLE_MODULES = YES;
				CLANG_ENABLE_OBJC_ARC = YES;
				CLANG_ENABLE_OBJC_WEAK = YES;
				CLANG_WARN_BLOCK_CAPTURE_AUTORELEASING = YES;
				CLANG_WARN_BOOL_CONVERSION = YES;
				CLANG_WARN_COMMA = YES;
				CLANG_WARN_CONSTANT_CONVERSION = YES;
				CLANG_WARN_DEPRECATED_OBJC_IMPLEMENTATIONS = YES;
				CLANG_WARN_DIRECT_OBJC_ISA_USAGE = YES_ERROR;
				CLANG_WARN_DOCUMENTATION_COMMENTS = YES;
				CLANG_WARN_EMPTY_BODY = YES;
				CLANG_WARN_ENUM_CONVERSION = YES;
				CLANG_WARN_INFINITE_RECURSION = YES;
				CLANG_WARN_INT_CONVERSION = YES;
				CLANG_WARN_NON_LITERAL_NULL_CONVERSION = YES;
				CLANG_WARN_OBJC_IMPLICIT_RETAIN_SELF = YES;
				CLANG_WARN_OBJC_LITERAL_CONVERSION = YES;
				CLANG_WARN_OBJC_ROOT_CLASS = YES_ERROR;
				CLANG_WARN_QUOTED_INCLUDE_IN_FRAMEWORK_HEADER = YES;
				CLANG_WARN_RANGE_LOOP_ANALYSIS = YES;
				CLANG_WARN_STRICT_PROTOTYPES = YES;
				CLANG_WARN_SUSPICIOUS_MOVE = YES;
				CLANG_WARN_UNGUARDED_AVAILABILITY = YES_AGGRESSIVE;
				CLANG_WARN_UNREACHABLE_CODE = YES;
				CLANG_WARN__DUPLICATE_METHOD_MATCH = YES;
				COPY_PHASE_STRIP = NO;
				DEBUG_INFORMATION_FORMAT = dwarf;
				ENABLE_STRICT_OBJC_MSGSEND = YES;
				ENABLE_TESTABILITY = YES;
				ENABLE_USER_SCRIPT_SANDBOXING = YES;
				GCC_C_LANGUAGE_STANDARD = gnu17;
				GCC_DYNAMIC_NO_PIC = NO;
				GCC_NO_COMMON_BLOCKS = YES;
				GCC_OPTIMIZATION_LEVEL = 0;
				GCC_PREPROCESSOR_DEFINITIONS = (
					"DEBUG=1",
					"$(inherited)",
				);
				GCC_WARN_64_TO_32_BIT_CONVERSION = YES;
				GCC_WARN_ABOUT_RETURN_TYPE = YES_ERROR;
				GCC_WARN_UNDECLARED_SELECTOR = YES;
				GCC_WARN_UNINITIALIZED_AUTOS = YES_AGGRESSIVE;
				GCC_WARN_UNUSED_FUNCTION = YES;
				GCC_WARN_UNUSED_VARIABLE = YES;
				IPHONEOS_DEPLOYMENT_TARGET = 18.2;
				LOCALIZATION_PREFERS_STRING_CATALOGS = YES;
				MTL_ENABLE_DEBUG_INFO = INCLUDE_SOURCE;
				MTL_FAST_MATH = YES;
				ONLY_ACTIVE_ARCH = YES;
				SDKROOT = iphoneos;
			};
			name = Debug;
		};
		7F6A36B42DBE3CD400FEC461 /* Release */ = {
			isa = XCBuildConfiguration;
			buildSettings = {
				ALWAYS_SEARCH_USER_PATHS = NO;
				ASSETCATALOG_COMPILER_GENERATE_SWIFT_ASSET_SYMBOL_EXTENSIONS = YES;
				CLANG_ANALYZER_NONNULL = YES;
				CLANG_ANALYZER_NUMBER_OBJECT_CONVERSION = YES_AGGRESSIVE;
				CLANG_CXX_LANGUAGE_STANDARD = "gnu++20";
				CLANG_ENABLE_MODULES = YES;
				CLANG_ENABLE_OBJC_ARC = YES;
				CLANG_ENABLE_OBJC_WEAK = YES;
				CLANG_WARN_BLOCK_CAPTURE_AUTORELEASING = YES;
				CLANG_WARN_BOOL_CONVERSION = YES;
				CLANG_WARN_COMMA = YES;
				CLANG_WARN_CONSTANT_CONVERSION = YES;
				CLANG_WARN_DEPRECATED_OBJC_IMPLEMENTATIONS = YES;
				CLANG_WARN_DIRECT_OBJC_ISA_USAGE = YES_ERROR;
				CLANG_WARN_DOCUMENTATION_COMMENTS = YES;
				CLANG_WARN_EMPTY_BODY = YES;
				CLANG_WARN_ENUM_CONVERSION = YES;
				CLANG_WARN_INFINITE_RECURSION = YES;
				CLANG_WARN_INT_CONVERSION = YES;
				CLANG_WARN_NON_LITERAL_NULL_CONVERSION = YES;
				CLANG_WARN_OBJC_IMPLICIT_RETAIN_SELF = YES;
				CLANG_WARN_OBJC_LITERAL_CONVERSION = YES;
				CLANG_WARN_OBJC_ROOT_CLASS = YES_ERROR;
				CLANG_WARN_QUOTED_INCLUDE_IN_FRAMEWORK_HEADER = YES;
				CLANG_WARN_RANGE_LOOP_ANALYSIS = YES;
				CLANG_WARN_STRICT_PROTOTYPES = YES;
				CLANG_WARN_SUSPICIOUS_MOVE = YES;
				CLANG_WARN_UNGUARDED_AVAILABILITY = YES_AGGRESSIVE;
				CLANG_WARN_UNREACHABLE_CODE = YES;
				CLANG_WARN__DUPLICATE_METHOD_MATCH = YES;
				COPY_PHASE_STRIP = NO;
				DEBUG_INFORMATION_FORMAT = "dwarf-with-dsym";
				ENABLE_NS_ASSERTIONS = NO;
				ENABLE_STRICT_OBJC_MSGSEND = YES;
				ENABLE_USER_SCRIPT_SANDBOXING = YES;
				GCC_C_LANGUAGE_STANDARD = gnu17;
				GCC_NO_COMMON_BLOCKS = YES;
				GCC_WARN_64_TO_32_BIT_CONVERSION = YES;
				GCC_WARN_ABOUT_RETURN_TYPE = YES_ERROR;
				GCC_WARN_UNDECLARED_SELECTOR = YES;
				GCC_WARN_UNINITIALIZED_AUTOS = YES_AGGRESSIVE;
				GCC_WARN_UNUSED_FUNCTION = YES;
				GCC_WARN_UNUSED_VARIABLE = YES;
				IPHONEOS_DEPLOYMENT_TARGET = 18.2;
				LOCALIZATION_PREFERS_STRING_CATALOGS = YES;
				MTL_ENABLE_DEBUG_INFO = NO;
				MTL_FAST_MATH = YES;
				SDKROOT = iphoneos;
				VALIDATE_PRODUCT = YES;
			};
			name = Release;
		};
		7F6A36B62DBE3CD400FEC461 /* Debug */ = {
			isa = XCBuildConfiguration;
			buildSettings = {
				BUNDLE_LOADER = "$(TEST_HOST)";
				CODE_SIGN_STYLE = Automatic;
				CURRENT_PROJECT_VERSION = 1;
				DEVELOPMENT_TEAM = V77C88NLRU;
				GENERATE_INFOPLIST_FILE = YES;
				IPHONEOS_DEPLOYMENT_TARGET = 18.2;
				MARKETING_VERSION = 1.0;
				PRODUCT_BUNDLE_IDENTIFIER = aaa.WordMasterTests;
				PRODUCT_NAME = "$(TARGET_NAME)";
				SWIFT_EMIT_LOC_STRINGS = NO;
				TARGETED_DEVICE_FAMILY = "1,2";
				TEST_HOST = "$(BUILT_PRODUCTS_DIR)/WordMaster.app/$(BUNDLE_EXECUTABLE_FOLDER_PATH)/WordMaster";
			};
			name = Debug;
		};
		7F6A36B72DBE3CD400FEC461 /* Release */ = {
			isa = XCBuildConfiguration;
			buildSettings = {
				BUNDLE_LOADER = "$(TEST_HOST)";
				CODE_SIGN_STYLE = Automatic;
				CURRENT_PROJECT_VERSION = 1;
				DEVELOPMENT_TEAM = V77C88NLRU;
				GENERATE_INFOPLIST_FILE = YES;
				IPHONEOS_DEPLOYMENT_TARGET = 18.2;
				MARKETING_VERSION = 1.0;
				PRODUCT_BUNDLE_IDENTIFIER = aaa.WordMasterTests;
				PRODUCT_NAME = "$(TARGET_NAME)";
				SWIFT_EMIT_LOC_STRINGS = NO;
				TARGETED_DEVICE_FAMILY = "1,2";
				TEST_HOST = "$(BUILT_PRODUCTS_DIR)/WordMaster.app/$(BUNDLE_EXECUTABLE_FOLDER_PATH)/WordMaster";
			};
			name = Release;
		};
		7F6A36B92DBE3CD400FEC461 /* Debug */ = {
			isa = XCBuildConfiguration;
			buildSettings = {
				CODE_SIGN_STYLE = Automatic;
				CURRENT_PROJECT_VERSION = 1;
				DEVELOPMENT_TEAM = V77C88NLRU;
				GENERATE_INFOPLIST_FILE = YES;
				MARKETING_VERSION = 1.0;
				PRODUCT_BUNDLE_IDENTIFIER = aaa.WordMasterUITests;
				PRODUCT_NAME = "$(TARGET_NAME)";
				SWIFT_EMIT_LOC_STRINGS = NO;
				TARGETED_DEVICE_FAMILY = "1,2";
				TEST_TARGET_NAME = WordMaster;
			};
			name = Debug;
		};
		7F6A36BA2DBE3CD400FEC461 /* Release */ = {
			isa = XCBuildConfiguration;
			buildSettings = {
				CODE_SIGN_STYLE = Automatic;
				CURRENT_PROJECT_VERSION = 1;
				DEVELOPMENT_TEAM = V77C88NLRU;
				GENERATE_INFOPLIST_FILE = YES;
				MARKETING_VERSION = 1.0;
				PRODUCT_BUNDLE_IDENTIFIER = aaa.WordMasterUITests;
				PRODUCT_NAME = "$(TARGET_NAME)";
				SWIFT_EMIT_LOC_STRINGS = NO;
				TARGETED_DEVICE_FAMILY = "1,2";
				TEST_TARGET_NAME = WordMaster;
			};
			name = Release;
		};
/* End XCBuildConfiguration section */

/* Begin XCConfigurationList section */
		7F6A367D2DBE3CD300FEC461 /* Build configuration list for PBXProject "WordMaster" */ = {
			isa = XCConfigurationList;
			buildConfigurations = (
				7F6A36B32DBE3CD400FEC461 /* Debug */,
				7F6A36B42DBE3CD400FEC461 /* Release */,
			);
			defaultConfigurationIsVisible = 0;
			defaultConfigurationName = Release;
		};
		7F6A36B02DBE3CD400FEC461 /* Build configuration list for PBXNativeTarget "WordMaster" */ = {
			isa = XCConfigurationList;
			buildConfigurations = (
				7F6A36B12DBE3CD400FEC461 /* Debug */,
				7F6A36B22DBE3CD400FEC461 /* Release */,
			);
			defaultConfigurationIsVisible = 0;
			defaultConfigurationName = Release;
		};
		7F6A36B52DBE3CD400FEC461 /* Build configuration list for PBXNativeTarget "WordMasterTests" */ = {
			isa = XCConfigurationList;
			buildConfigurations = (
				7F6A36B62DBE3CD400FEC461 /* Debug */,
				7F6A36B72DBE3CD400FEC461 /* Release */,
			);
			defaultConfigurationIsVisible = 0;
			defaultConfigurationName = Release;
		};
		7F6A36B82DBE3CD400FEC461 /* Build configuration list for PBXNativeTarget "WordMasterUITests" */ = {
			isa = XCConfigurationList;
			buildConfigurations = (
				7F6A36B92DBE3CD400FEC461 /* Debug */,
				7F6A36BA2DBE3CD400FEC461 /* Release */,
			);
			defaultConfigurationIsVisible = 0;
			defaultConfigurationName = Release;
		};
/* End XCConfigurationList section */
	};
	rootObject = 7F6A367A2DBE3CD300FEC461 /* Project object */;
}
